<?xml version="1.0" encoding="utf-8"?>
<Project ToolsVersion="4.0" xmlns="http://schemas.microsoft.com/developer/msbuild/2003">
  <ItemGroup>
    <Filter Include="Source Files">
      <UniqueIdentifier>{4FC737F1-C7A5-4376-A066-2A32D752A2FF}</UniqueIdentifier>
      <Extensions>cpp;c;cc;cxx;def;odl;idl;hpj;bat;asm;asmx</Extensions>
    </Filter>
    <Filter Include="Resource Files">
      <UniqueIdentifier>{67DA6AB6-F800-4c08-8B7A-83BB121AAD01}</UniqueIdentifier>
      <Extensions>rc;ico;cur;bmp;dlg;rc2;rct;bin;rgs;gif;jpg;jpeg;jpe;resx;tiff;tif;png;wav</Extensions>
    </Filter>
    <Filter Include="Source Files\Common">
      <UniqueIdentifier>{882ed8e4-f8b5-427d-974f-3f7a45977aca}</UniqueIdentifier>
    </Filter>
  </ItemGroup>
  <ItemGroup>
    <ClInclude Include="Resources.hpp">
      <Filter>Source Files</Filter>
    </ClInclude>
    <ClInclude Include="CSoundKeeper.hpp">
      <Filter>Source Files</Filter>
    </ClInclude>
    <ClInclude Include="CKeepSession.hpp">
      <Filter>Source Files</Filter>
    </ClInclude>
    <ClInclude Include="Common\Win32.hpp">
      <Filter>Source Files\Common</Filter>
    </ClInclude>
    <ClInclude Include="Common\NtEvent.hpp">
      <Filter>Source Files\Common</Filter>
    </ClInclude>
    <ClInclude Include="Common\CriticalSection.hpp">
      <Filter>Source Files\Common</Filter>
    </ClInclude>
    <ClInclude Include="Common.hpp">
      <Filter>Source Files</Filter>
    </ClInclude>
    <ClInclude Include="BuildInfo.hpp">
      <Filter>Resource Files</Filter>
    </ClInclude>
    <ClInclude Include="Common\NtBase.hpp">
      <Filter>Source Files\Common</Filter>
    </ClInclude>
  </ItemGroup>
  <ItemGroup>
    <ClCompile Include="CKeepSession.cpp">
      <Filter>Source Files</Filter>
    </ClCompile>
    <ClCompile Include="CSoundKeeper.cpp">
      <Filter>Source Files</Filter>
    </ClCompile>
    <ClCompile Include="RuntimeHacks.cpp">
      <Filter>Source Files</Filter>
    </ClCompile>
  </ItemGroup>
  <ItemGroup>
    <ResourceCompile Include="Resources.rc">
      <Filter>Resource Files</Filter>
    </ResourceCompile>
  </ItemGroup>
  <ItemGroup>
    <Image Include="Main.ico">
      <Filter>Resource Files</Filter>
    </Image>
  </ItemGroup>
  <ItemGroup>
    <UpToDateCheckInput Include="BuildInfo.cmd">
      <Filter>Resource Files</Filter>
    </UpToDateCheckInput>
    <UpToDateCheckInput Include="BuildInfo.csx">
      <Filter>Resource Files</Filter>
    </UpToDateCheckInput>
    <UpToDateCheckInput Include="BuildInfo.rc2">
      <Filter>Resource Files</Filter>
    </UpToDateCheckInput>
  </ItemGroup>
  <ItemGroup>
    <CopyFileToFolders Include="ReadMe.txt" />
  </ItemGroup>
</Project>